
Microsoft Visual Studio Solution File, Format Version 12.00
# Visual Studio Version 17
VisualStudioVersion = 17.8.34408.163
MinimumVisualStudioVersion = 10.0.40219.1
Project("{2150E333-8FDC-42A3-9474-1A3956D46DE8}") = "services", "services", "{2C90B177-D3C9-46EF-B4CC-F49F0B31FF60}"
EndProject
Project("{2150E333-8FDC-42A3-9474-1A3956D46DE8}") = "user", "user", "{7B60DA80-B3BF-4B07-8945-6FE8B40359B6}"
EndProject
Project("{9A19103F-16F7-4668-BE54-9A1E7A4F7556}") = "User.API", "services\user\User.API\User.API.csproj", "{459C3598-23AF-4143-A07F-CCE27000F64D}"
EndProject
Project("{9A19103F-16F7-4668-BE54-9A1E7A4F7556}") = "User.Domain", "services\user\User.Domain\User.Domain.csproj", "{412958E4-31B0-47E9-BAE3-285371E4EABD}"
EndProject
Project("{9A19103F-16F7-4668-BE54-9A1E7A4F7556}") = "User.Infra", "services\user\User.Infra\User.Infra.csproj", "{364D9B88-1E3E-4621-94E1-A73CFA15AEB7}"
EndProject
Project("{9A19103F-16F7-4668-BE54-9A1E7A4F7556}") = "User.S3.Lib", "services\user\User.S3.Lib\User.S3.Lib.csproj", "{0925404B-502C-4A00-95ED-338E712DDF8B}"
EndProject
Project("{9A19103F-16F7-4668-BE54-9A1E7A4F7556}") = "User.Services", "services\user\User.Services\User.Services.csproj", "{A413EB44-C98E-4FE8-B781-90655E8D6B4E}"
EndProject
Project("{2150E333-8FDC-42A3-9474-1A3956D46DE8}") = "Solution Items", "Solution Items", "{E552E3C5-5297-48E4-86B8-C1A31E39586C}"
	ProjectSection(SolutionItems) = preProject
		.gitignore = .gitignore
		docker-compose.yaml = docker-compose.yaml
		docker-composeP.yaml = docker-composeP.yaml
		DockerfileModel = DockerfileModel
		README.md = README.md
	EndProjectSection
EndProject
Project("{2150E333-8FDC-42A3-9474-1A3956D46DE8}") = "rabbitmq", "rabbitmq", "{64BD3C39-08DB-4624-8496-803835D5DE8C}"
EndProject
Project("{2150E333-8FDC-42A3-9474-1A3956D46DE8}") = "test", "test", "{4417EE1D-0FEF-4759-8863-8D382110464F}"
EndProject
Project("{2150E333-8FDC-42A3-9474-1A3956D46DE8}") = "user", "user", "{8BE10C7E-0685-4501-AF86-8EF0440B788B}"
EndProject
Project("{9A19103F-16F7-4668-BE54-9A1E7A4F7556}") = "RabbitMq.Notify", "services\rabbitmq\RabbitMq.Notify\RabbitMq.Notify.csproj", "{095E0490-D645-46E3-845B-2FBC35C5CD93}"
EndProject
Project("{2150E333-8FDC-42A3-9474-1A3956D46DE8}") = "vehicle", "vehicle", "{9D713575-7A64-46FB-8FC2-96BDB003DF81}"
EndProject
Project("{9A19103F-16F7-4668-BE54-9A1E7A4F7556}") = "Vehicle.API", "services\vehicle\Vehicle.API\Vehicle.API.csproj", "{A4780636-7DE7-4C5A-8944-71BAD56D7F0B}"
EndProject
Project("{9A19103F-16F7-4668-BE54-9A1E7A4F7556}") = "Vehicle.Domain", "services\vehicle\Vehicle.Domain\Vehicle.Domain.csproj", "{ED22A69E-6C0E-412C-BE96-D85322F2FF2C}"
EndProject
Project("{9A19103F-16F7-4668-BE54-9A1E7A4F7556}") = "Vehicle.Infra", "services\vehicle\Vehicle.Infra\Vehicle.Infra.csproj", "{43D1F751-652C-488A-A61B-2AE54BCF0C4E}"
EndProject
Project("{9A19103F-16F7-4668-BE54-9A1E7A4F7556}") = "Vehicle.Services", "services\vehicle\Vehicle.Services\Vehicle.Services.csproj", "{3102E1D9-BB1A-4EFF-B00A-9051A8D51BB2}"
EndProject
Project("{2150E333-8FDC-42A3-9474-1A3956D46DE8}") = "order", "order", "{F0AB60E8-DA5B-4B88-BCC5-C65F30EF1696}"
EndProject
Project("{9A19103F-16F7-4668-BE54-9A1E7A4F7556}") = "Order.API", "services\order\Order.API\Order.API.csproj", "{1AC12F68-E050-4345-8931-C78399D1251C}"
EndProject
Project("{9A19103F-16F7-4668-BE54-9A1E7A4F7556}") = "Order.Domain", "services\order\Order.Domain\Order.Domain.csproj", "{8204CACB-7429-430F-BBE8-265C922E5EEF}"
EndProject
Project("{9A19103F-16F7-4668-BE54-9A1E7A4F7556}") = "Order.Infra", "services\order\Order.Infra\Order.Infra.csproj", "{09B099CB-A134-459A-B091-A0BE2EC6CE6C}"
EndProject
Project("{9A19103F-16F7-4668-BE54-9A1E7A4F7556}") = "Order.Services", "services\order\Order.Services\Order.Services.csproj", "{0BDDC71C-C5C5-49EE-BB29-F40C342B39FB}"
EndProject
Project("{9A19103F-16F7-4668-BE54-9A1E7A4F7556}") = "UserTest", "test\user\UserTest.csproj", "{9857228A-03E6-410F-8A6A-83B866C02590}"
EndProject
Global
	GlobalSection(SolutionConfigurationPlatforms) = preSolution
		Debug|Any CPU = Debug|Any CPU
		Release|Any CPU = Release|Any CPU
	EndGlobalSection
	GlobalSection(ProjectConfigurationPlatforms) = postSolution
		{459C3598-23AF-4143-A07F-CCE27000F64D}.Debug|Any CPU.ActiveCfg = Debug|Any CPU
		{459C3598-23AF-4143-A07F-CCE27000F64D}.Debug|Any CPU.Build.0 = Debug|Any CPU
		{459C3598-23AF-4143-A07F-CCE27000F64D}.Release|Any CPU.ActiveCfg = Release|Any CPU
		{459C3598-23AF-4143-A07F-CCE27000F64D}.Release|Any CPU.Build.0 = Release|Any CPU
		{412958E4-31B0-47E9-BAE3-285371E4EABD}.Debug|Any CPU.ActiveCfg = Debug|Any CPU
		{412958E4-31B0-47E9-BAE3-285371E4EABD}.Debug|Any CPU.Build.0 = Debug|Any CPU
		{412958E4-31B0-47E9-BAE3-285371E4EABD}.Release|Any CPU.ActiveCfg = Release|Any CPU
		{412958E4-31B0-47E9-BAE3-285371E4EABD}.Release|Any CPU.Build.0 = Release|Any CPU
		{364D9B88-1E3E-4621-94E1-A73CFA15AEB7}.Debug|Any CPU.ActiveCfg = Debug|Any CPU
		{364D9B88-1E3E-4621-94E1-A73CFA15AEB7}.Debug|Any CPU.Build.0 = Debug|Any CPU
		{364D9B88-1E3E-4621-94E1-A73CFA15AEB7}.Release|Any CPU.ActiveCfg = Release|Any CPU
		{364D9B88-1E3E-4621-94E1-A73CFA15AEB7}.Release|Any CPU.Build.0 = Release|Any CPU
		{0925404B-502C-4A00-95ED-338E712DDF8B}.Debug|Any CPU.ActiveCfg = Debug|Any CPU
		{0925404B-502C-4A00-95ED-338E712DDF8B}.Debug|Any CPU.Build.0 = Debug|Any CPU
		{0925404B-502C-4A00-95ED-338E712DDF8B}.Release|Any CPU.ActiveCfg = Release|Any CPU
		{0925404B-502C-4A00-95ED-338E712DDF8B}.Release|Any CPU.Build.0 = Release|Any CPU
		{A413EB44-C98E-4FE8-B781-90655E8D6B4E}.Debug|Any CPU.ActiveCfg = Debug|Any CPU
		{A413EB44-C98E-4FE8-B781-90655E8D6B4E}.Debug|Any CPU.Build.0 = Debug|Any CPU
		{A413EB44-C98E-4FE8-B781-90655E8D6B4E}.Release|Any CPU.ActiveCfg = Release|Any CPU
		{A413EB44-C98E-4FE8-B781-90655E8D6B4E}.Release|Any CPU.Build.0 = Release|Any CPU
		{095E0490-D645-46E3-845B-2FBC35C5CD93}.Debug|Any CPU.ActiveCfg = Debug|Any CPU
		{095E0490-D645-46E3-845B-2FBC35C5CD93}.Debug|Any CPU.Build.0 = Debug|Any CPU
		{095E0490-D645-46E3-845B-2FBC35C5CD93}.Release|Any CPU.ActiveCfg = Release|Any CPU
		{095E0490-D645-46E3-845B-2FBC35C5CD93}.Release|Any CPU.Build.0 = Release|Any CPU
		{A4780636-7DE7-4C5A-8944-71BAD56D7F0B}.Debug|Any CPU.ActiveCfg = Debug|Any CPU
		{A4780636-7DE7-4C5A-8944-71BAD56D7F0B}.Debug|Any CPU.Build.0 = Debug|Any CPU
		{A4780636-7DE7-4C5A-8944-71BAD56D7F0B}.Release|Any CPU.ActiveCfg = Release|Any CPU
		{A4780636-7DE7-4C5A-8944-71BAD56D7F0B}.Release|Any CPU.Build.0 = Release|Any CPU
		{ED22A69E-6C0E-412C-BE96-D85322F2FF2C}.Debug|Any CPU.ActiveCfg = Debug|Any CPU
		{ED22A69E-6C0E-412C-BE96-D85322F2FF2C}.Debug|Any CPU.Build.0 = Debug|Any CPU
		{ED22A69E-6C0E-412C-BE96-D85322F2FF2C}.Release|Any CPU.ActiveCfg = Release|Any CPU
		{ED22A69E-6C0E-412C-BE96-D85322F2FF2C}.Release|Any CPU.Build.0 = Release|Any CPU
		{43D1F751-652C-488A-A61B-2AE54BCF0C4E}.Debug|Any CPU.ActiveCfg = Debug|Any CPU
		{43D1F751-652C-488A-A61B-2AE54BCF0C4E}.Debug|Any CPU.Build.0 = Debug|Any CPU
		{43D1F751-652C-488A-A61B-2AE54BCF0C4E}.Release|Any CPU.ActiveCfg = Release|Any CPU
		{43D1F751-652C-488A-A61B-2AE54BCF0C4E}.Release|Any CPU.Build.0 = Release|Any CPU
		{3102E1D9-BB1A-4EFF-B00A-9051A8D51BB2}.Debug|Any CPU.ActiveCfg = Debug|Any CPU
		{3102E1D9-BB1A-4EFF-B00A-9051A8D51BB2}.Debug|Any CPU.Build.0 = Debug|Any CPU
		{3102E1D9-BB1A-4EFF-B00A-9051A8D51BB2}.Release|Any CPU.ActiveCfg = Release|Any CPU
		{3102E1D9-BB1A-4EFF-B00A-9051A8D51BB2}.Release|Any CPU.Build.0 = Release|Any CPU
		{1AC12F68-E050-4345-8931-C78399D1251C}.Debug|Any CPU.ActiveCfg = Debug|Any CPU
		{1AC12F68-E050-4345-8931-C78399D1251C}.Debug|Any CPU.Build.0 = Debug|Any CPU
		{1AC12F68-E050-4345-8931-C78399D1251C}.Release|Any CPU.ActiveCfg = Release|Any CPU
		{1AC12F68-E050-4345-8931-C78399D1251C}.Release|Any CPU.Build.0 = Release|Any CPU
		{8204CACB-7429-430F-BBE8-265C922E5EEF}.Debug|Any CPU.ActiveCfg = Debug|Any CPU
		{8204CACB-7429-430F-BBE8-265C922E5EEF}.Debug|Any CPU.Build.0 = Debug|Any CPU
		{8204CACB-7429-430F-BBE8-265C922E5EEF}.Release|Any CPU.ActiveCfg = Release|Any CPU
		{8204CACB-7429-430F-BBE8-265C922E5EEF}.Release|Any CPU.Build.0 = Release|Any CPU
		{09B099CB-A134-459A-B091-A0BE2EC6CE6C}.Debug|Any CPU.ActiveCfg = Debug|Any CPU
		{09B099CB-A134-459A-B091-A0BE2EC6CE6C}.Debug|Any CPU.Build.0 = Debug|Any CPU
		{09B099CB-A134-459A-B091-A0BE2EC6CE6C}.Release|Any CPU.ActiveCfg = Release|Any CPU
		{09B099CB-A134-459A-B091-A0BE2EC6CE6C}.Release|Any CPU.Build.0 = Release|Any CPU
		{0BDDC71C-C5C5-49EE-BB29-F40C342B39FB}.Debug|Any CPU.ActiveCfg = Debug|Any CPU
		{0BDDC71C-C5C5-49EE-BB29-F40C342B39FB}.Debug|Any CPU.Build.0 = Debug|Any CPU
		{0BDDC71C-C5C5-49EE-BB29-F40C342B39FB}.Release|Any CPU.ActiveCfg = Release|Any CPU
		{0BDDC71C-C5C5-49EE-BB29-F40C342B39FB}.Release|Any CPU.Build.0 = Release|Any CPU
		{9857228A-03E6-410F-8A6A-83B866C02590}.Debug|Any CPU.ActiveCfg = Debug|Any CPU
		{9857228A-03E6-410F-8A6A-83B866C02590}.Debug|Any CPU.Build.0 = Debug|Any CPU
		{9857228A-03E6-410F-8A6A-83B866C02590}.Release|Any CPU.ActiveCfg = Release|Any CPU
		{9857228A-03E6-410F-8A6A-83B866C02590}.Release|Any CPU.Build.0 = Release|Any CPU
	EndGlobalSection
	GlobalSection(SolutionProperties) = preSolution
		HideSolutionNode = FALSE
	EndGlobalSection
	GlobalSection(NestedProjects) = preSolution
		{7B60DA80-B3BF-4B07-8945-6FE8B40359B6} = {2C90B177-D3C9-46EF-B4CC-F49F0B31FF60}
		{459C3598-23AF-4143-A07F-CCE27000F64D} = {7B60DA80-B3BF-4B07-8945-6FE8B40359B6}
		{412958E4-31B0-47E9-BAE3-285371E4EABD} = {7B60DA80-B3BF-4B07-8945-6FE8B40359B6}
		{364D9B88-1E3E-4621-94E1-A73CFA15AEB7} = {7B60DA80-B3BF-4B07-8945-6FE8B40359B6}
		{0925404B-502C-4A00-95ED-338E712DDF8B} = {7B60DA80-B3BF-4B07-8945-6FE8B40359B6}
		{A413EB44-C98E-4FE8-B781-90655E8D6B4E} = {7B60DA80-B3BF-4B07-8945-6FE8B40359B6}
		{64BD3C39-08DB-4624-8496-803835D5DE8C} = {2C90B177-D3C9-46EF-B4CC-F49F0B31FF60}
		{8BE10C7E-0685-4501-AF86-8EF0440B788B} = {4417EE1D-0FEF-4759-8863-8D382110464F}
		{095E0490-D645-46E3-845B-2FBC35C5CD93} = {64BD3C39-08DB-4624-8496-803835D5DE8C}
		{9D713575-7A64-46FB-8FC2-96BDB003DF81} = {2C90B177-D3C9-46EF-B4CC-F49F0B31FF60}
		{A4780636-7DE7-4C5A-8944-71BAD56D7F0B} = {9D713575-7A64-46FB-8FC2-96BDB003DF81}
		{ED22A69E-6C0E-412C-BE96-D85322F2FF2C} = {9D713575-7A64-46FB-8FC2-96BDB003DF81}
		{43D1F751-652C-488A-A61B-2AE54BCF0C4E} = {9D713575-7A64-46FB-8FC2-96BDB003DF81}
		{3102E1D9-BB1A-4EFF-B00A-9051A8D51BB2} = {9D713575-7A64-46FB-8FC2-96BDB003DF81}
		{F0AB60E8-DA5B-4B88-BCC5-C65F30EF1696} = {2C90B177-D3C9-46EF-B4CC-F49F0B31FF60}
		{1AC12F68-E050-4345-8931-C78399D1251C} = {F0AB60E8-DA5B-4B88-BCC5-C65F30EF1696}
		{8204CACB-7429-430F-BBE8-265C922E5EEF} = {F0AB60E8-DA5B-4B88-BCC5-C65F30EF1696}
		{09B099CB-A134-459A-B091-A0BE2EC6CE6C} = {F0AB60E8-DA5B-4B88-BCC5-C65F30EF1696}
		{0BDDC71C-C5C5-49EE-BB29-F40C342B39FB} = {F0AB60E8-DA5B-4B88-BCC5-C65F30EF1696}
		{9857228A-03E6-410F-8A6A-83B866C02590} = {8BE10C7E-0685-4501-AF86-8EF0440B788B}
	EndGlobalSection
	GlobalSection(ExtensibilityGlobals) = postSolution
		SolutionGuid = {0C5E7633-993B-41AE-B427-34B19861EB65}
	EndGlobalSection
EndGlobal
